
Microsoft Visual Studio Solution File, Format Version 12.00
# Visual Studio 15
VisualStudioVersion = 15.0.27703.2000
MinimumVisualStudioVersion = 10.0.40219.1
Project("{FAE04EC0-301F-11D3-BF4B-00C04F79EFBC}") = "CorsairRollBot_WF", "CorsairRollBot_WF\CorsairRollBot_WF.csproj", "{F7147CA7-B26C-4248-826D-676E39295C5A}"
EndProject
Project("{2150E333-8FDC-42A3-9474-1A3956D46DE8}") = "CRB_Addon", "CRB_Addon", "{98C7683C-60B4-4135-8F42-06262BEA973F}"
	ProjectSection(SolutionItems) = preProject
		..\FFXI-RollBot\Corsair Roll Bot\CRB_Addon\CRB_Addon.lua = ..\FFXI-RollBot\Corsair Roll Bot\CRB_Addon\CRB_Addon.lua
	EndProjectSection
EndProject
Global
	GlobalSection(SolutionConfigurationPlatforms) = preSolution
		Debug|Any CPU = Debug|Any CPU
		Release|Any CPU = Release|Any CPU
	EndGlobalSection
	GlobalSection(ProjectConfigurationPlatforms) = postSolution
		{F7147CA7-B26C-4248-826D-676E39295C5A}.Debug|Any CPU.ActiveCfg = Debug|Any CPU
		{F7147CA7-B26C-4248-826D-676E39295C5A}.Debug|Any CPU.Build.0 = Debug|Any CPU
		{F7147CA7-B26C-4248-826D-676E39295C5A}.Release|Any CPU.ActiveCfg = Release|Any CPU
		{F7147CA7-B26C-4248-826D-676E39295C5A}.Release|Any CPU.Build.0 = Release|Any CPU
	EndGlobalSection
	GlobalSection(SolutionProperties) = preSolution
		HideSolutionNode = FALSE
	EndGlobalSection
	GlobalSection(ExtensibilityGlobals) = postSolution
		SolutionGuid = {AC2C1DE5-1CF8-4033-9693-0E0F70EC7FAC}
	EndGlobalSection
EndGlobal
